/scr1/users/leej39/USDA_RUN22/blast_against_contigs/inoculum.penn_against_D28.BAF_genes_nucl.fa.blastout
/scr1/users/leej39/USDA_RUN22/blast_against_contigs/inoculum.penn_against_D12.BAF_genes_nucl.fa.blastout
/scr1/users/leej39/USDA_RUN22/blast_against_contigs/inoculum.penn_against_D25.BAF_genes_nucl.fa.blastout
/scr1/users/leej39/USDA_RUN22/blast_against_contigs/inoculum.penn_against_inoculum.penn_genes_nucl.fa.blastout
/scr1/users/leej39/USDA_RUN22/blast_against_contigs/inoculum.penn_against_D27.BAF_genes_nucl.fa.blastout
/scr1/users/leej39/USDA_RUN22/blast_against_contigs/inoculum.penn_against_D13.BAF_genes_nucl.fa.blastout
/scr1/users/leej39/USDA_RUN22/blast_against_contigs/D12.BAF_against_D28.BAF_genes_nucl.fa.blastout
/scr1/users/leej39/USDA_RUN22/blast_against_contigs/D12.BAF_against_D12.BAF_genes_nucl.fa.blastout
/scr1/users/leej39/USDA_RUN22/blast_against_contigs/D12.BAF_against_D25.BAF_genes_nucl.fa.blastout
/scr1/users/leej39/USDA_RUN22/blast_against_contigs/D12.BAF_against_inoculum.penn_genes_nucl.fa.blastout
/scr1/users/leej39/USDA_RUN22/blast_against_contigs/D12.BAF_against_D27.BAF_genes_nucl.fa.blastout
/scr1/users/leej39/USDA_RUN22/blast_against_contigs/D12.BAF_against_D13.BAF_genes_nucl.fa.blastout
/scr1/users/leej39/USDA_RUN22/blast_against_contigs/D13.BAF_against_D28.BAF_genes_nucl.fa.blastout
/scr1/users/leej39/USDA_RUN22/blast_against_contigs/D13.BAF_against_D12.BAF_genes_nucl.fa.blastout
/scr1/users/leej39/USDA_RUN22/blast_against_contigs/D13.BAF_against_D25.BAF_genes_nucl.fa.blastout
/scr1/users/leej39/USDA_RUN22/blast_against_contigs/D13.BAF_against_inoculum.penn_genes_nucl.fa.blastout
/scr1/users/leej39/USDA_RUN22/blast_against_contigs/D13.BAF_against_D27.BAF_genes_nucl.fa.blastout
/scr1/users/leej39/USDA_RUN22/blast_against_contigs/D13.BAF_against_D13.BAF_genes_nucl.fa.blastout
/scr1/users/leej39/USDA_RUN22/blast_against_contigs/D14.BMF_against_D28.BAF_genes_nucl.fa.blastout
/scr1/users/leej39/USDA_RUN22/blast_against_contigs/D14.BMF_against_D12.BAF_genes_nucl.fa.blastout
/scr1/users/leej39/USDA_RUN22/blast_against_contigs/D14.BMF_against_D25.BAF_genes_nucl.fa.blastout
/scr1/users/leej39/USDA_RUN22/blast_against_contigs/D14.BMF_against_inoculum.penn_genes_nucl.fa.blastout
/scr1/users/leej39/USDA_RUN22/blast_against_contigs/D14.BMF_against_D27.BAF_genes_nucl.fa.blastout
/scr1/users/leej39/USDA_RUN22/blast_against_contigs/D14.BMF_against_D13.BAF_genes_nucl.fa.blastout
/scr1/users/leej39/USDA_RUN22/blast_against_contigs/D25.BAF_against_D28.BAF_genes_nucl.fa.blastout
/scr1/users/leej39/USDA_RUN22/blast_against_contigs/D25.BAF_against_D12.BAF_genes_nucl.fa.blastout
/scr1/users/leej39/USDA_RUN22/blast_against_contigs/D25.BAF_against_D25.BAF_genes_nucl.fa.blastout
/scr1/users/leej39/USDA_RUN22/blast_against_contigs/D25.BAF_against_inoculum.penn_genes_nucl.fa.blastout
/scr1/users/leej39/USDA_RUN22/blast_against_contigs/D25.BAF_against_D27.BAF_genes_nucl.fa.blastout
/scr1/users/leej39/USDA_RUN22/blast_against_contigs/D25.BAF_against_D13.BAF_genes_nucl.fa.blastout
/scr1/users/leej39/USDA_RUN22/blast_against_contigs/D27.BAF_against_D28.BAF_genes_nucl.fa.blastout
/scr1/users/leej39/USDA_RUN22/blast_against_contigs/D27.BAF_against_D12.BAF_genes_nucl.fa.blastout
/scr1/users/leej39/USDA_RUN22/blast_against_contigs/D27.BAF_against_D25.BAF_genes_nucl.fa.blastout
/scr1/users/leej39/USDA_RUN22/blast_against_contigs/D27.BAF_against_inoculum.penn_genes_nucl.fa.blastout
/scr1/users/leej39/USDA_RUN22/blast_against_contigs/D27.BAF_against_D27.BAF_genes_nucl.fa.blastout
/scr1/users/leej39/USDA_RUN22/blast_against_contigs/D27.BAF_against_D13.BAF_genes_nucl.fa.blastout
/scr1/users/leej39/USDA_RUN22/blast_against_contigs/D28.BAF_against_D28.BAF_genes_nucl.fa.blastout
/scr1/users/leej39/USDA_RUN22/blast_against_contigs/D28.BAF_against_D12.BAF_genes_nucl.fa.blastout
/scr1/users/leej39/USDA_RUN22/blast_against_contigs/D28.BAF_against_D25.BAF_genes_nucl.fa.blastout
/scr1/users/leej39/USDA_RUN22/blast_against_contigs/D28.BAF_against_inoculum.penn_genes_nucl.fa.blastout
/scr1/users/leej39/USDA_RUN22/blast_against_contigs/D28.BAF_against_D27.BAF_genes_nucl.fa.blastout
/scr1/users/leej39/USDA_RUN22/blast_against_contigs/D28.BAF_against_D13.BAF_genes_nucl.fa.blastout
/scr1/users/leej39/USDA_RUN22/blast_against_contigs/Neg.1_against_D28.BAF_genes_nucl.fa.blastout
/scr1/users/leej39/USDA_RUN22/blast_against_contigs/Neg.1_against_D12.BAF_genes_nucl.fa.blastout
/scr1/users/leej39/USDA_RUN22/blast_against_contigs/Neg.1_against_D25.BAF_genes_nucl.fa.blastout
/scr1/users/leej39/USDA_RUN22/blast_against_contigs/Neg.1_against_inoculum.penn_genes_nucl.fa.blastout
/scr1/users/leej39/USDA_RUN22/blast_against_contigs/Neg.1_against_D27.BAF_genes_nucl.fa.blastout
/scr1/users/leej39/USDA_RUN22/blast_against_contigs/Neg.1_against_D13.BAF_genes_nucl.fa.blastout
/scr1/users/leej39/USDA_RUN22/R1_FASTA/D12.BAF_R1.fasta
/scr1/users/leej39/USDA_RUN22/blast_against_contigs
/scr1/users/leej39/USDA_RUN22/R1_FASTA/D25.BAF_R1.fasta
/scr1/users/leej39/USDA_RUN22/blast_against_contigs
/scr1/users/leej39/USDA_RUN22/R1_FASTA/Neg.1_R1.fasta
/scr1/users/leej39/USDA_RUN22/blast_against_contigs
/scr1/users/leej39/USDA_RUN22/R1_FASTA/inoculum.penn_R1.fasta
/scr1/users/leej39/USDA_RUN22/blast_against_contigs
/scr1/users/leej39/USDA_RUN22/R1_FASTA/D12.BAF_R1.fasta
/scr1/users/leej39/USDA_RUN22/blast_against_contigs
/scr1/users/leej39/USDA_RUN22/R1_FASTA/D13.BAF_R1.fasta
/scr1/users/leej39/USDA_RUN22/blast_against_contigs
/scr1/users/leej39/USDA_RUN22/R1_FASTA/D25.BAF_R1.fasta
/scr1/users/leej39/USDA_RUN22/blast_against_contigs
/scr1/users/leej39/USDA_RUN22/R1_FASTA/D14.BMF_R1.fasta
/scr1/users/leej39/USDA_RUN22/blast_against_contigs
/scr1/users/leej39/USDA_RUN22/R1_FASTA/D13.BAF_R1.fasta
/scr1/users/leej39/USDA_RUN22/blast_against_contigs
/scr1/users/leej39/USDA_RUN22/R1_FASTA/D27.BAF_R1.fasta
/scr1/users/leej39/USDA_RUN22/blast_against_contigs
/scr1/users/leej39/USDA_RUN22/R1_FASTA/D12.BAF_R1.fasta
/scr1/users/leej39/USDA_RUN22/blast_against_contigs
/scr1/users/leej39/USDA_RUN22/R1_FASTA/inoculum.penn_R1.fasta
/scr1/users/leej39/USDA_RUN22/blast_against_contigs
/scr1/users/leej39/USDA_RUN22/R1_FASTA/inoculum.penn_R1.fasta
/scr1/users/leej39/USDA_RUN22/blast_against_contigs
/scr1/users/leej39/USDA_RUN22/R1_FASTA/D12.BAF_R1.fasta
/scr1/users/leej39/USDA_RUN22/blast_against_contigs
/scr1/users/leej39/USDA_RUN22/R1_FASTA/D13.BAF_R1.fasta
/scr1/users/leej39/USDA_RUN22/blast_against_contigs
/scr1/users/leej39/USDA_RUN22/R1_FASTA/D28.BAF_R1.fasta
/scr1/users/leej39/USDA_RUN22/blast_against_contigs
/scr1/users/leej39/USDA_RUN22/R1_FASTA/D27.BAF_R1.fasta
/scr1/users/leej39/USDA_RUN22/blast_against_contigs
/scr1/users/leej39/USDA_RUN22/R1_FASTA/D14.BMF_R1.fasta
/scr1/users/leej39/USDA_RUN22/blast_against_contigs
/scr1/users/leej39/USDA_RUN22/R1_FASTA/D27.BAF_R1.fasta
/scr1/users/leej39/USDA_RUN22/blast_against_contigs
/scr1/users/leej39/USDA_RUN22/R1_FASTA/Neg.1_R1.fasta
/scr1/users/leej39/USDA_RUN22/blast_against_contigs
/scr1/users/leej39/USDA_RUN22/R1_FASTA/D14.BMF_R1.fasta
/scr1/users/leej39/USDA_RUN22/blast_against_contigs
/scr1/users/leej39/USDA_RUN22/R1_FASTA/D28.BAF_R1.fasta
/scr1/users/leej39/USDA_RUN22/blast_against_contigs
/scr1/users/leej39/USDA_RUN22/R1_FASTA/D13.BAF_R1.fasta
/scr1/users/leej39/USDA_RUN22/blast_against_contigs
/scr1/users/leej39/USDA_RUN22/R1_FASTA/D12.BAF_R1.fasta
/scr1/users/leej39/USDA_RUN22/blast_against_contigs
/scr1/users/leej39/USDA_RUN22/R1_FASTA/D28.BAF_R1.fasta
/scr1/users/leej39/USDA_RUN22/blast_against_contigs
/scr1/users/leej39/USDA_RUN22/R1_FASTA/D14.BMF_R1.fasta
/scr1/users/leej39/USDA_RUN22/blast_against_contigs
/scr1/users/leej39/USDA_RUN22/R1_FASTA/D27.BAF_R1.fasta
/scr1/users/leej39/USDA_RUN22/blast_against_contigs
/scr1/users/leej39/USDA_RUN22/R1_FASTA/D14.BMF_R1.fasta
/scr1/users/leej39/USDA_RUN22/blast_against_contigs
/scr1/users/leej39/USDA_RUN22/R1_FASTA/D27.BAF_R1.fasta
/scr1/users/leej39/USDA_RUN22/blast_against_contigs
/scr1/users/leej39/USDA_RUN22/R1_FASTA/D28.BAF_R1.fasta
/scr1/users/leej39/USDA_RUN22/blast_against_contigs
/scr1/users/leej39/USDA_RUN22/R1_FASTA/Neg.1_R1.fasta
/scr1/users/leej39/USDA_RUN22/blast_against_contigs
/scr1/users/leej39/USDA_RUN22/R1_FASTA/D25.BAF_R1.fasta
/scr1/users/leej39/USDA_RUN22/blast_against_contigs
/scr1/users/leej39/USDA_RUN22/R1_FASTA/D14.BMF_R1.fasta
/scr1/users/leej39/USDA_RUN22/blast_against_contigs
/scr1/users/leej39/USDA_RUN22/R1_FASTA/D28.BAF_R1.fasta
/scr1/users/leej39/USDA_RUN22/blast_against_contigs
/scr1/users/leej39/USDA_RUN22/R1_FASTA/Neg.1_R1.fasta
/scr1/users/leej39/USDA_RUN22/blast_against_contigs
/scr1/users/leej39/USDA_RUN22/R1_FASTA/D12.BAF_R1.fasta
/scr1/users/leej39/USDA_RUN22/blast_against_contigs
/scr1/users/leej39/USDA_RUN22/R1_FASTA/D13.BAF_R1.fasta
/scr1/users/leej39/USDA_RUN22/blast_against_contigs
/scr1/users/leej39/USDA_RUN22/R1_FASTA/D28.BAF_R1.fasta
/scr1/users/leej39/USDA_RUN22/blast_against_contigs
/scr1/users/leej39/USDA_RUN22/R1_FASTA/inoculum.penn_R1.fasta
/scr1/users/leej39/USDA_RUN22/blast_against_contigs
/scr1/users/leej39/USDA_RUN22/R1_FASTA/inoculum.penn_R1.fasta
/scr1/users/leej39/USDA_RUN22/blast_against_contigs
/scr1/users/leej39/USDA_RUN22/R1_FASTA/inoculum.penn_R1.fasta
/scr1/users/leej39/USDA_RUN22/blast_against_contigs
/scr1/users/leej39/USDA_RUN22/R1_FASTA/D25.BAF_R1.fasta
/scr1/users/leej39/USDA_RUN22/blast_against_contigs
/scr1/users/leej39/USDA_RUN22/R1_FASTA/D13.BAF_R1.fasta
/scr1/users/leej39/USDA_RUN22/blast_against_contigs
/scr1/users/leej39/USDA_RUN22/R1_FASTA/D27.BAF_R1.fasta
/scr1/users/leej39/USDA_RUN22/blast_against_contigs
/scr1/users/leej39/USDA_RUN22/R1_FASTA/Neg.1_R1.fasta
/scr1/users/leej39/USDA_RUN22/blast_against_contigs
/scr1/users/leej39/USDA_RUN22/R1_FASTA/D25.BAF_R1.fasta
/scr1/users/leej39/USDA_RUN22/blast_against_contigs
/scr1/users/leej39/USDA_RUN22/R1_FASTA/Neg.1_R1.fasta
/scr1/users/leej39/USDA_RUN22/blast_against_contigs
/scr1/users/leej39/USDA_RUN22/R1_FASTA/D25.BAF_R1.fasta
/scr1/users/leej39/USDA_RUN22/blast_against_contigs
/scr1/users/leej39/USDA_RUN22/R1_FASTA
/scr1/users/leej39/USDA_RUN22/sunbeam_output/qc/decontam/D12.BAF_R1.fastq.gz
/scr1/users/leej39/USDA_RUN22/R1_FASTA
/scr1/users/leej39/USDA_RUN22/sunbeam_output/qc/decontam/D25.BAF_R1.fastq.gz
/scr1/users/leej39/USDA_RUN22/R1_FASTA
/scr1/users/leej39/USDA_RUN22/sunbeam_output/qc/decontam/Neg.1_R1.fastq.gz
/scr1/users/leej39/USDA_RUN22/R1_FASTA
/scr1/users/leej39/USDA_RUN22/sunbeam_output/qc/decontam/inoculum.penn_R1.fastq.gz
/scr1/users/leej39/USDA_RUN22/R1_FASTA
/scr1/users/leej39/USDA_RUN22/sunbeam_output/qc/decontam/D13.BAF_R1.fastq.gz
/scr1/users/leej39/USDA_RUN22/R1_FASTA
/scr1/users/leej39/USDA_RUN22/sunbeam_output/qc/decontam/D14.BMF_R1.fastq.gz
/scr1/users/leej39/USDA_RUN22/R1_FASTA
/scr1/users/leej39/USDA_RUN22/sunbeam_output/qc/decontam/D27.BAF_R1.fastq.gz
/scr1/users/leej39/USDA_RUN22/R1_FASTA
/scr1/users/leej39/USDA_RUN22/sunbeam_output/qc/decontam/D28.BAF_R1.fastq.gz
