/scr1/users/leej39/USDA_RUN22/blast_against_contigs/D12.BAF_against_D25.BAF_genes_nucl.fa.blastout
/scr1/users/leej39/USDA_RUN22/blast_against_contigs/D25.BAF_against_D13.BAF_genes_nucl.fa.blastout
/scr1/users/leej39/USDA_RUN22/blast_against_contigs/Neg.1_against_D27.BAF_genes_nucl.fa.blastout
/scr1/users/leej39/USDA_RUN22/blast_against_contigs/inoculum.penn_against_D27.BAF_genes_nucl.fa.blastout
/scr1/users/leej39/USDA_RUN22/blast_against_contigs/D12.BAF_against_D27.BAF_genes_nucl.fa.blastout
/scr1/users/leej39/USDA_RUN22/blast_against_contigs/D13.BAF_against_D28.BAF_genes_nucl.fa.blastout
/scr1/users/leej39/USDA_RUN22/blast_against_contigs/D25.BAF_against_D25.BAF_genes_nucl.fa.blastout
/scr1/users/leej39/USDA_RUN22/blast_against_contigs/D14.BMF_against_D13.BAF_genes_nucl.fa.blastout
/scr1/users/leej39/USDA_RUN22/blast_against_contigs/D13.BAF_against_inoculum.penn_genes_nucl.fa.blastout
/scr1/users/leej39/USDA_RUN22/blast_against_contigs/D27.BAF_against_D12.BAF_genes_nucl.fa.blastout
/scr1/users/leej39/USDA_RUN22/blast_against_contigs/D12.BAF_against_D28.BAF_genes_nucl.fa.blastout
/scr1/users/leej39/USDA_RUN22/blast_against_contigs/inoculum.penn_against_D12.BAF_genes_nucl.fa.blastout
/scr1/users/leej39/USDA_RUN22/blast_against_contigs/inoculum.penn_against_D28.BAF_genes_nucl.fa.blastout
/scr1/users/leej39/USDA_RUN22/blast_against_contigs/D12.BAF_against_inoculum.penn_genes_nucl.fa.blastout
/scr1/users/leej39/USDA_RUN22/blast_against_contigs/D13.BAF_against_D13.BAF_genes_nucl.fa.blastout
/scr1/users/leej39/USDA_RUN22/blast_against_contigs/D28.BAF_against_D13.BAF_genes_nucl.fa.blastout
/scr1/users/leej39/USDA_RUN22/blast_against_contigs/D27.BAF_against_D13.BAF_genes_nucl.fa.blastout
/scr1/users/leej39/USDA_RUN22/blast_against_contigs/D14.BMF_against_D28.BAF_genes_nucl.fa.blastout
/scr1/users/leej39/USDA_RUN22/blast_against_contigs/D27.BAF_against_D25.BAF_genes_nucl.fa.blastout
/scr1/users/leej39/USDA_RUN22/blast_against_contigs/Neg.1_against_D25.BAF_genes_nucl.fa.blastout
/scr1/users/leej39/USDA_RUN22/blast_against_contigs/D14.BMF_against_D27.BAF_genes_nucl.fa.blastout
/scr1/users/leej39/USDA_RUN22/blast_against_contigs/D28.BAF_against_D27.BAF_genes_nucl.fa.blastout
/scr1/users/leej39/USDA_RUN22/blast_against_contigs/D13.BAF_against_D27.BAF_genes_nucl.fa.blastout
/scr1/users/leej39/USDA_RUN22/blast_against_contigs/D12.BAF_against_D13.BAF_genes_nucl.fa.blastout
/scr1/users/leej39/USDA_RUN22/blast_against_contigs/D28.BAF_against_inoculum.penn_genes_nucl.fa.blastout
/scr1/users/leej39/USDA_RUN22/blast_against_contigs/D14.BMF_against_D12.BAF_genes_nucl.fa.blastout
/scr1/users/leej39/USDA_RUN22/blast_against_contigs/D27.BAF_against_inoculum.penn_genes_nucl.fa.blastout
/scr1/users/leej39/USDA_RUN22/blast_against_contigs/D14.BMF_against_inoculum.penn_genes_nucl.fa.blastout
/scr1/users/leej39/USDA_RUN22/blast_against_contigs/D27.BAF_against_D28.BAF_genes_nucl.fa.blastout
/scr1/users/leej39/USDA_RUN22/blast_against_contigs/D28.BAF_against_D12.BAF_genes_nucl.fa.blastout
/scr1/users/leej39/USDA_RUN22/blast_against_contigs/Neg.1_against_inoculum.penn_genes_nucl.fa.blastout
/scr1/users/leej39/USDA_RUN22/blast_against_contigs/D25.BAF_against_D27.BAF_genes_nucl.fa.blastout
/scr1/users/leej39/USDA_RUN22/blast_against_contigs/D14.BMF_against_D25.BAF_genes_nucl.fa.blastout
/scr1/users/leej39/USDA_RUN22/blast_against_contigs/D28.BAF_against_D28.BAF_genes_nucl.fa.blastout
/scr1/users/leej39/USDA_RUN22/blast_against_contigs/Neg.1_against_D13.BAF_genes_nucl.fa.blastout
/scr1/users/leej39/USDA_RUN22/blast_against_contigs/D12.BAF_against_D12.BAF_genes_nucl.fa.blastout
/scr1/users/leej39/USDA_RUN22/blast_against_contigs/D13.BAF_against_D25.BAF_genes_nucl.fa.blastout
/scr1/users/leej39/USDA_RUN22/blast_against_contigs/D28.BAF_against_D25.BAF_genes_nucl.fa.blastout
/scr1/users/leej39/USDA_RUN22/blast_against_contigs/inoculum.penn_against_D13.BAF_genes_nucl.fa.blastout
/scr1/users/leej39/USDA_RUN22/blast_against_contigs/inoculum.penn_against_inoculum.penn_genes_nucl.fa.blastout
/scr1/users/leej39/USDA_RUN22/blast_against_contigs/inoculum.penn_against_D25.BAF_genes_nucl.fa.blastout
/scr1/users/leej39/USDA_RUN22/blast_against_contigs/D25.BAF_against_D28.BAF_genes_nucl.fa.blastout
/scr1/users/leej39/USDA_RUN22/blast_against_contigs/D13.BAF_against_D12.BAF_genes_nucl.fa.blastout
/scr1/users/leej39/USDA_RUN22/blast_against_contigs/D27.BAF_against_D27.BAF_genes_nucl.fa.blastout
/scr1/users/leej39/USDA_RUN22/blast_against_contigs/Neg.1_against_D12.BAF_genes_nucl.fa.blastout
/scr1/users/leej39/USDA_RUN22/blast_against_contigs/D25.BAF_against_D12.BAF_genes_nucl.fa.blastout
/scr1/users/leej39/USDA_RUN22/blast_against_contigs/Neg.1_against_D28.BAF_genes_nucl.fa.blastout
/scr1/users/leej39/USDA_RUN22/blast_against_contigs/D25.BAF_against_inoculum.penn_genes_nucl.fa.blastout
